
Microsoft Visual Studio Solution File, Format Version 12.00
# Visual Studio Version 17
VisualStudioVersion = 17.4.33213.308
MinimumVisualStudioVersion = 10.0.40219.1
Project("{9A19103F-16F7-4668-BE54-9A1E7A4F7556}") = "Mc2.CrudTest.Presentation.API", "src\Mc2.CrudTest.Presentation.API\Mc2.CrudTest.Presentation.API.csproj", "{D2AD2F7D-C1E0-4C84-A2A4-6900CED15599}"
EndProject
Project("{9A19103F-16F7-4668-BE54-9A1E7A4F7556}") = "Mc2.CrudTest.Presentation.Client", "src\Mc2.CrudTest.Presentation.Client\Mc2.CrudTest.Presentation.Client.csproj", "{817C1B83-0CAC-4345-A0BE-5CCF30B15C26}"
EndProject
Project("{9A19103F-16F7-4668-BE54-9A1E7A4F7556}") = "Mc2.CrudTest.Presentation.Core", "src\Mc2.CrudTest.Presentation.Core\Mc2.CrudTest.Presentation.Core.csproj", "{D6F1EC1A-CE1D-4E6D-B61D-07033DD442BE}"
EndProject
Project("{9A19103F-16F7-4668-BE54-9A1E7A4F7556}") = "Mc2.CrudTest.Presentation.Application", "src\Mc2.CrudTest.Presentation.Application\Mc2.CrudTest.Presentation.Application.csproj", "{8A8E33FB-2215-4B53-AD4F-AE7737FD9858}"
EndProject
Project("{9A19103F-16F7-4668-BE54-9A1E7A4F7556}") = "Mc2.CrudTest.Presentation.Infrastructure", "src\Mc2.CrudTest.Presentation.Infrastructure\Mc2.CrudTest.Presentation.Infrastructure.csproj", "{F780BC66-A568-438D-912B-11E7C1291077}"
EndProject
Project("{2150E333-8FDC-42A3-9474-1A3956D46DE8}") = "src", "src", "{86459849-5D4A-4500-A555-BB5DC4749C64}"
EndProject
Project("{2150E333-8FDC-42A3-9474-1A3956D46DE8}") = "test", "test", "{6DE11962-B947-426A-A507-099B6412C7D1}"
EndProject
Project("{9A19103F-16F7-4668-BE54-9A1E7A4F7556}") = "Mc2.CrudTest.AcceptanceTest", "test\Mc2.CrudTest.AcceptanceTest\Mc2.CrudTest.AcceptanceTest.csproj", "{7213712D-9183-4918-8FA1-AA4FE8CD13BB}"
EndProject
Global
	GlobalSection(SolutionConfigurationPlatforms) = preSolution
		Debug|Any CPU = Debug|Any CPU
		Release|Any CPU = Release|Any CPU
	EndGlobalSection
	GlobalSection(ProjectConfigurationPlatforms) = postSolution
		{D2AD2F7D-C1E0-4C84-A2A4-6900CED15599}.Debug|Any CPU.ActiveCfg = Debug|Any CPU
		{D2AD2F7D-C1E0-4C84-A2A4-6900CED15599}.Debug|Any CPU.Build.0 = Debug|Any CPU
		{D2AD2F7D-C1E0-4C84-A2A4-6900CED15599}.Release|Any CPU.ActiveCfg = Release|Any CPU
		{D2AD2F7D-C1E0-4C84-A2A4-6900CED15599}.Release|Any CPU.Build.0 = Release|Any CPU
		{817C1B83-0CAC-4345-A0BE-5CCF30B15C26}.Debug|Any CPU.ActiveCfg = Debug|Any CPU
		{817C1B83-0CAC-4345-A0BE-5CCF30B15C26}.Debug|Any CPU.Build.0 = Debug|Any CPU
		{817C1B83-0CAC-4345-A0BE-5CCF30B15C26}.Release|Any CPU.ActiveCfg = Release|Any CPU
		{817C1B83-0CAC-4345-A0BE-5CCF30B15C26}.Release|Any CPU.Build.0 = Release|Any CPU
		{D6F1EC1A-CE1D-4E6D-B61D-07033DD442BE}.Debug|Any CPU.ActiveCfg = Debug|Any CPU
		{D6F1EC1A-CE1D-4E6D-B61D-07033DD442BE}.Debug|Any CPU.Build.0 = Debug|Any CPU
		{D6F1EC1A-CE1D-4E6D-B61D-07033DD442BE}.Release|Any CPU.ActiveCfg = Release|Any CPU
		{D6F1EC1A-CE1D-4E6D-B61D-07033DD442BE}.Release|Any CPU.Build.0 = Release|Any CPU
		{8A8E33FB-2215-4B53-AD4F-AE7737FD9858}.Debug|Any CPU.ActiveCfg = Debug|Any CPU
		{8A8E33FB-2215-4B53-AD4F-AE7737FD9858}.Debug|Any CPU.Build.0 = Debug|Any CPU
		{8A8E33FB-2215-4B53-AD4F-AE7737FD9858}.Release|Any CPU.ActiveCfg = Release|Any CPU
		{8A8E33FB-2215-4B53-AD4F-AE7737FD9858}.Release|Any CPU.Build.0 = Release|Any CPU
		{F780BC66-A568-438D-912B-11E7C1291077}.Debug|Any CPU.ActiveCfg = Debug|Any CPU
		{F780BC66-A568-438D-912B-11E7C1291077}.Debug|Any CPU.Build.0 = Debug|Any CPU
		{F780BC66-A568-438D-912B-11E7C1291077}.Release|Any CPU.ActiveCfg = Release|Any CPU
		{F780BC66-A568-438D-912B-11E7C1291077}.Release|Any CPU.Build.0 = Release|Any CPU
		{7213712D-9183-4918-8FA1-AA4FE8CD13BB}.Debug|Any CPU.ActiveCfg = Debug|Any CPU
		{7213712D-9183-4918-8FA1-AA4FE8CD13BB}.Debug|Any CPU.Build.0 = Debug|Any CPU
		{7213712D-9183-4918-8FA1-AA4FE8CD13BB}.Release|Any CPU.ActiveCfg = Release|Any CPU
		{7213712D-9183-4918-8FA1-AA4FE8CD13BB}.Release|Any CPU.Build.0 = Release|Any CPU
	EndGlobalSection
	GlobalSection(SolutionProperties) = preSolution
		HideSolutionNode = FALSE
	EndGlobalSection
	GlobalSection(NestedProjects) = preSolution
		{D2AD2F7D-C1E0-4C84-A2A4-6900CED15599} = {86459849-5D4A-4500-A555-BB5DC4749C64}
		{817C1B83-0CAC-4345-A0BE-5CCF30B15C26} = {86459849-5D4A-4500-A555-BB5DC4749C64}
		{D6F1EC1A-CE1D-4E6D-B61D-07033DD442BE} = {86459849-5D4A-4500-A555-BB5DC4749C64}
		{8A8E33FB-2215-4B53-AD4F-AE7737FD9858} = {86459849-5D4A-4500-A555-BB5DC4749C64}
		{F780BC66-A568-438D-912B-11E7C1291077} = {86459849-5D4A-4500-A555-BB5DC4749C64}
		{7213712D-9183-4918-8FA1-AA4FE8CD13BB} = {6DE11962-B947-426A-A507-099B6412C7D1}
	EndGlobalSection
	GlobalSection(ExtensibilityGlobals) = postSolution
		SolutionGuid = {4B5A26C9-68C1-49D9-9F32-AF907A1730C2}
	EndGlobalSection
EndGlobal
